
Microsoft Visual Studio Solution File, Format Version 12.00
# Visual Studio 15
VisualStudioVersion = 15.0.27703.2047
MinimumVisualStudioVersion = 10.0.40219.1
Project("{9A19103F-16F7-4668-BE54-9A1E7A4F7556}") = "coffee-project", "coffee-project.csproj", "{027B644A-E161-4421-AA45-D20A6D4A06EE}"
EndProject
Project("{9A19103F-16F7-4668-BE54-9A1E7A4F7556}") = "api-unit-tests", "..\api-unit-tests\api-unit-tests.csproj", "{E36E0B40-ADA2-430E-BBBE-2C7975B2DCD4}"
EndProject
Global
	GlobalSection(SolutionConfigurationPlatforms) = preSolution
		Debug|Any CPU = Debug|Any CPU
		Release|Any CPU = Release|Any CPU
	EndGlobalSection
	GlobalSection(ProjectConfigurationPlatforms) = postSolution
		{027B644A-E161-4421-AA45-D20A6D4A06EE}.Debug|Any CPU.ActiveCfg = Debug|Any CPU
		{027B644A-E161-4421-AA45-D20A6D4A06EE}.Debug|Any CPU.Build.0 = Debug|Any CPU
		{027B644A-E161-4421-AA45-D20A6D4A06EE}.Release|Any CPU.ActiveCfg = Release|Any CPU
		{027B644A-E161-4421-AA45-D20A6D4A06EE}.Release|Any CPU.Build.0 = Release|Any CPU
		{E36E0B40-ADA2-430E-BBBE-2C7975B2DCD4}.Debug|Any CPU.ActiveCfg = Debug|Any CPU
		{E36E0B40-ADA2-430E-BBBE-2C7975B2DCD4}.Debug|Any CPU.Build.0 = Debug|Any CPU
		{E36E0B40-ADA2-430E-BBBE-2C7975B2DCD4}.Release|Any CPU.ActiveCfg = Release|Any CPU
		{E36E0B40-ADA2-430E-BBBE-2C7975B2DCD4}.Release|Any CPU.Build.0 = Release|Any CPU
	EndGlobalSection
	GlobalSection(SolutionProperties) = preSolution
		HideSolutionNode = FALSE
	EndGlobalSection
	GlobalSection(ExtensibilityGlobals) = postSolution
		SolutionGuid = {786C16E4-17B7-4D9E-84EE-23CE7C38C228}
	EndGlobalSection
EndGlobal
